{
  "lockfile_version": "1",
  "packages": {
    "gh@latest": {
      "last_modified": "2026-01-15T05:51:10Z",
      "resolved": "github:NixOS/nixpkgs/f4606b01b39e09065df37905a2133905246db9ed#gh",
      "source": "devbox-search",
      "version": "2.85.0",
      "systems": {
        "aarch64-darwin": {
          "outputs": [
            {
              "name": "out",
              "path": "/nix/store/scxkdncvr9i5dd900qir993bvg9zlk4i-gh-2.85.0",
              "default": true
            }
          ],
          "store_path": "/nix/store/scxkdncvr9i5dd900qir993bvg9zlk4i-gh-2.85.0"
        },
        "aarch64-linux": {
          "outputs": [
            {
              "name": "out",
              "path": "/nix/store/kdsjr947f0gfd0wp38vhg260kipjh83b-gh-2.85.0",
              "default": true
            }
          ],
          "store_path": "/nix/store/kdsjr947f0gfd0wp38vhg260kipjh83b-gh-2.85.0"
        },
        "x86_64-darwin": {
          "outputs": [
            {
              "name": "out",
              "path": "/nix/store/nvjrrspicb1yzdm5jfbr0qr0xfmbaj09-gh-2.85.0",
              "default": true
            }
          ],
          "store_path": "/nix/store/nvjrrspicb1yzdm5jfbr0qr0xfmbaj09-gh-2.85.0"
        },
        "x86_64-linux": {
          "outputs": [
            {
              "name": "out",
              "path": "/nix/store/8wnv20mbq91xmvns912glg18isiqa61b-gh-2.85.0",
              "default": true
            }
          ],
          "store_path": "/nix/store/8wnv20mbq91xmvns912glg18isiqa61b-gh-2.85.0"
        }
      }
    },
    "hadolint@latest": {
      "last_modified": "2025-12-31T03:27:36Z",
      "resolved": "github:NixOS/nixpkgs/f665af0cdb70ed27e1bd8f9fdfecaf451260fc55#hadolint",
      "source": "devbox-search",
      "version": "2.14.0",
      "systems": {
        "aarch64-darwin": {
          "outputs": [
            {
              "name": "out",
              "path": "/nix/store/lj3nagszvx7b2b9ivfzzhxn39fg44629-hadolint-2.14.0",
              "default": true
            },
            {
              "name": "doc",
              "path": "/nix/store/q4bc58v5qwj9zllkhc6qxa2z0yy37b4k-hadolint-2.14.0-doc"
            }
          ],
          "store_path": "/nix/store/lj3nagszvx7b2b9ivfzzhxn39fg44629-hadolint-2.14.0"
        },
        "aarch64-linux": {
          "outputs": [
            {
              "name": "out",
              "path": "/nix/store/wf0zkl6yqvk27zlx6igd47jpf4y1dw0s-hadolint-2.14.0",
              "default": true
            }
          ],
          "store_path": "/nix/store/wf0zkl6yqvk27zlx6igd47jpf4y1dw0s-hadolint-2.14.0"
        },
        "x86_64-darwin": {
          "outputs": [
            {
              "name": "out",
              "path": "/nix/store/qx3c889h90s2jam941g3mx43mvgrc7ky-hadolint-2.14.0",
              "default": true
            }
          ],
          "store_path": "/nix/store/qx3c889h90s2jam941g3mx43mvgrc7ky-hadolint-2.14.0"
        },
        "x86_64-linux": {
          "outputs": [
            {
              "name": "out",
              "path": "/nix/store/9i90xvcg75jk4jj5dhvsr334bcncp7k1-hadolint-2.14.0",
              "default": true
            }
          ],
          "store_path": "/nix/store/9i90xvcg75jk4jj5dhvsr334bcncp7k1-hadolint-2.14.0"
        }
      }
    },
    "htop@latest": {
      "last_modified": "2025-12-31T03:27:36Z",
      "resolved": "github:NixOS/nixpkgs/f665af0cdb70ed27e1bd8f9fdfecaf451260fc55#htop",
      "source": "devbox-search",
      "version": "3.4.1",
      "systems": {
        "aarch64-darwin": {
          "outputs": [
            {
              "name": "out",
              "path": "/nix/store/1dpxm8gd8sqfm6daj3frz2rfy75737zk-htop-3.4.1",
              "default": true
            }
          ],
          "store_path": "/nix/store/1dpxm8gd8sqfm6daj3frz2rfy75737zk-htop-3.4.1"
        },
        "aarch64-linux": {
          "outputs": [
            {
              "name": "out",
              "path": "/nix/store/jgn9y950pq6mcimjpmj18cacbk4jfr2l-htop-3.4.1",
              "default": true
            }
          ],
          "store_path": "/nix/store/jgn9y950pq6mcimjpmj18cacbk4jfr2l-htop-3.4.1"
        },
        "x86_64-darwin": {
          "outputs": [
            {
              "name": "out",
              "path": "/nix/store/cl3fkcysq85gl64slfnb7g9w7j4v6nn7-htop-3.4.1",
              "default": true
            }
          ],
          "store_path": "/nix/store/cl3fkcysq85gl64slfnb7g9w7j4v6nn7-htop-3.4.1"
        },
        "x86_64-linux": {
          "outputs": [
            {
              "name": "out",
              "path": "/nix/store/g3srdyd3dxff7qas5xkhw7my1k48lf19-htop-3.4.1",
              "default": true
            }
          ],
          "store_path": "/nix/store/g3srdyd3dxff7qas5xkhw7my1k48lf19-htop-3.4.1"
        }
      }
    },
    "jq@latest": {
      "last_modified": "2026-01-20T02:11:35Z",
      "resolved": "github:NixOS/nixpkgs/ed142ab1b3a092c4d149245d0c4126a5d7ea00b0#jq",
      "source": "devbox-search",
      "version": "1.8.1",
      "systems": {
        "aarch64-darwin": {
          "outputs": [
            {
              "name": "bin",
              "path": "/nix/store/9rm6fm3zq1jq8rgsx528cw8wkmfya2gf-jq-1.8.1-bin",
              "default": true
            },
            {
              "name": "man",
              "path": "/nix/store/cv999saj62xhq7xv5i7q6944vljykfmw-jq-1.8.1-man",
              "default": true
            },
            {
              "name": "dev",
              "path": "/nix/store/5camppj4hz2mgkdbxs0kr6nvh6qa65wf-jq-1.8.1-dev"
            },
            {
              "name": "doc",
              "path": "/nix/store/lak094rhhxlaj1qycadmxyfphgjadj5r-jq-1.8.1-doc"
            },
            {
              "name": "out",
              "path": "/nix/store/g371yvjasdr552v98p5kav7n35s1dfib-jq-1.8.1"
            }
          ],
          "store_path": "/nix/store/9rm6fm3zq1jq8rgsx528cw8wkmfya2gf-jq-1.8.1-bin"
        },
        "aarch64-linux": {
          "outputs": [
            {
              "name": "bin",
              "path": "/nix/store/m8qv4g54q3jmjb8i33v9lljcwhydx2vd-jq-1.8.1-bin",
              "default": true
            },
            {
              "name": "man",
              "path": "/nix/store/9x2457g76jikfy7xq4mjqwzl8iz3zvxj-jq-1.8.1-man",
              "default": true
            },
            {
              "name": "dev",
              "path": "/nix/store/5ykn83b3hhvnnq0p5vqgcrzihrl9wpsl-jq-1.8.1-dev"
            },
            {
              "name": "doc",
              "path": "/nix/store/37ypy1595g6rj3cymh1mpk2b25fx40g7-jq-1.8.1-doc"
            },
            {
              "name": "out",
              "path": "/nix/store/16lg603jzppwjanlakcak1ais69mkd03-jq-1.8.1"
            }
          ],
          "store_path": "/nix/store/m8qv4g54q3jmjb8i33v9lljcwhydx2vd-jq-1.8.1-bin"
        },
        "x86_64-darwin": {
          "outputs": [
            {
              "name": "bin",
              "path": "/nix/store/kkb17whpkdrmn9g3gk7y6l69vipxsw0i-jq-1.8.1-bin",
              "default": true
            },
            {
              "name": "man",
              "path": "/nix/store/iwr61wi83kflqvz8j5nf7ridaqq6nh2w-jq-1.8.1-man",
              "default": true
            },
            {
              "name": "dev",
              "path": "/nix/store/lypnqs272644l8ff6wfji9rg5jw10v7h-jq-1.8.1-dev"
            },
            {
              "name": "doc",
              "path": "/nix/store/nyw97c4pywfcqqap5hyk9xjghczlbshl-jq-1.8.1-doc"
            },
            {
              "name": "out",
              "path": "/nix/store/ri930a557685c64bdh88a5031i7hx3vy-jq-1.8.1"
            }
          ],
          "store_path": "/nix/store/kkb17whpkdrmn9g3gk7y6l69vipxsw0i-jq-1.8.1-bin"
        },
        "x86_64-linux": {
          "outputs": [
            {
              "name": "bin",
              "path": "/nix/store/zssasryipb2x4gk2ahzacl4mvvcmk48j-jq-1.8.1-bin",
              "default": true
            },
            {
              "name": "man",
              "path": "/nix/store/7d4pv1iymyqk2lykwj1ydml3rjhc6gl3-jq-1.8.1-man",
              "default": true
            },
            {
              "name": "dev",
              "path": "/nix/store/rmxxm5jnxq93kvkhbr2b3hzj6v3ldp8z-jq-1.8.1-dev"
            },
            {
              "name": "doc",
              "path": "/nix/store/mkhfvc69grlky3iblibkw9wcc12jcdqq-jq-1.8.1-doc"
            },
            {
              "name": "out",
              "path": "/nix/store/807g765zgpmp1c8fm5y40rw2gbr1k6dk-jq-1.8.1"
            }
          ],
          "store_path": "/nix/store/zssasryipb2x4gk2ahzacl4mvvcmk48j-jq-1.8.1-bin"
        }
      }
    },
    "trivy@latest": {
      "last_modified": "2025-12-31T03:27:36Z",
      "resolved": "github:NixOS/nixpkgs/f665af0cdb70ed27e1bd8f9fdfecaf451260fc55#trivy",
      "source": "devbox-search",
      "version": "0.68.2",
      "systems": {
        "aarch64-darwin": {
          "outputs": [
            {
              "name": "out",
              "path": "/nix/store/8wym1nbaa9jif42jdzyd5ma0gwmkhyrk-trivy-0.68.2",
              "default": true
            }
          ],
          "store_path": "/nix/store/8wym1nbaa9jif42jdzyd5ma0gwmkhyrk-trivy-0.68.2"
        },
        "aarch64-linux": {
          "outputs": [
            {
              "name": "out",
              "path": "/nix/store/mvqf787rnpnqdbkhxc9mm95pkwph9ywr-trivy-0.68.2",
              "default": true
            }
          ],
          "store_path": "/nix/store/mvqf787rnpnqdbkhxc9mm95pkwph9ywr-trivy-0.68.2"
        },
        "x86_64-darwin": {
          "outputs": [
            {
              "name": "out",
              "path": "/nix/store/fgrwfhgxkxp0qjwm54rjmaphm878b8fg-trivy-0.68.2",
              "default": true
            }
          ],
          "store_path": "/nix/store/fgrwfhgxkxp0qjwm54rjmaphm878b8fg-trivy-0.68.2"
        },
        "x86_64-linux": {
          "outputs": [
            {
              "name": "out",
              "path": "/nix/store/nwqil38aq9cmq9mykdmlh4wcf87sywjs-trivy-0.68.2",
              "default": true
            }
          ],
          "store_path": "/nix/store/nwqil38aq9cmq9mykdmlh4wcf87sywjs-trivy-0.68.2"
        }
      }
    }
  }
}
